// !$*UTF8*$!
{
	archiveVersion = 1;
	classes = {
	};
	objectVersion = 77;
	objects = {

/* Begin PBXBuildFile section */
		E8AD01C72D844F02004AE866 /* Swinject in Frameworks */ = {isa = PBXBuildFile; productRef = E8AD01C62D844F02004AE866 /* Swinject */; };
		E8AD01CC2D8458C8004AE866 /* Core in Frameworks */ = {isa = PBXBuildFile; productRef = E8AD01CB2D8458C8004AE866 /* Core */; };
		E8CC69792D80DD8100EF9A67 /* Domain in Frameworks */ = {isa = PBXBuildFile; productRef = E8CC69782D80DD8100EF9A67 /* Domain */; };
		E8CC697B2D80DD8500EF9A67 /* Repository in Frameworks */ = {isa = PBXBuildFile; productRef = E8CC697A2D80DD8500EF9A67 /* Repository */; };
		E8CC69A92D80F51A00EF9A67 /* IGDB-SWIFT-API in Frameworks */ = {isa = PBXBuildFile; productRef = E8CC69A82D80F51A00EF9A67 /* IGDB-SWIFT-API */; };
/* End PBXBuildFile section */

/* Begin PBXContainerItemProxy section */
		E8CC69442D80D8AC00EF9A67 /* PBXContainerItemProxy */ = {
			isa = PBXContainerItemProxy;
			containerPortal = E8CC69262D80D8AB00EF9A67 /* Project object */;
			proxyType = 1;
			remoteGlobalIDString = E8CC692D2D80D8AB00EF9A67;
			remoteInfo = IGDB;
		};
		E8CC694E2D80D8AC00EF9A67 /* PBXContainerItemProxy */ = {
			isa = PBXContainerItemProxy;
			containerPortal = E8CC69262D80D8AB00EF9A67 /* Project object */;
			proxyType = 1;
			remoteGlobalIDString = E8CC692D2D80D8AB00EF9A67;
			remoteInfo = IGDB;
		};
/* End PBXContainerItemProxy section */

/* Begin PBXFileReference section */
		E8AD01CA2D845465004AE866 /* Core */ = {isa = PBXFileReference; lastKnownFileType = wrapper; path = Core; sourceTree = "<group>"; };
		E8CC692E2D80D8AB00EF9A67 /* IGDB.app */ = {isa = PBXFileReference; explicitFileType = wrapper.application; includeInIndex = 0; path = IGDB.app; sourceTree = BUILT_PRODUCTS_DIR; };
		E8CC69432D80D8AC00EF9A67 /* IGDBTests.xctest */ = {isa = PBXFileReference; explicitFileType = wrapper.cfbundle; includeInIndex = 0; path = IGDBTests.xctest; sourceTree = BUILT_PRODUCTS_DIR; };
		E8CC694D2D80D8AC00EF9A67 /* IGDBUITests.xctest */ = {isa = PBXFileReference; explicitFileType = wrapper.cfbundle; includeInIndex = 0; path = IGDBUITests.xctest; sourceTree = BUILT_PRODUCTS_DIR; };
		E8CC69752D80DB4400EF9A67 /* Repository */ = {isa = PBXFileReference; lastKnownFileType = wrapper; path = Repository; sourceTree = "<group>"; };
		E8CC69762D80DC0800EF9A67 /* Domain */ = {isa = PBXFileReference; lastKnownFileType = wrapper; path = Domain; sourceTree = "<group>"; };
/* End PBXFileReference section */

/* Begin PBXFileSystemSynchronizedBuildFileExceptionSet section */
		E8A47C042D87A1D700D83B96 /* Exceptions for "IGDB" folder in "IGDB" target */ = {
			isa = PBXFileSystemSynchronizedBuildFileExceptionSet;
			membershipExceptions = (
				Info.plist,
			);
			target = E8CC692D2D80D8AB00EF9A67 /* IGDB */;
		};
/* End PBXFileSystemSynchronizedBuildFileExceptionSet section */

/* Begin PBXFileSystemSynchronizedRootGroup section */
		E8CC69302D80D8AB00EF9A67 /* IGDB */ = {
			isa = PBXFileSystemSynchronizedRootGroup;
			exceptions = (
				E8A47C042D87A1D700D83B96 /* Exceptions for "IGDB" folder in "IGDB" target */,
			);
			path = IGDB;
			sourceTree = "<group>";
		};
		E8CC69462D80D8AC00EF9A67 /* IGDBTests */ = {
			isa = PBXFileSystemSynchronizedRootGroup;
			path = IGDBTests;
			sourceTree = "<group>";
		};
		E8CC69502D80D8AC00EF9A67 /* IGDBUITests */ = {
			isa = PBXFileSystemSynchronizedRootGroup;
			path = IGDBUITests;
			sourceTree = "<group>";
		};
/* End PBXFileSystemSynchronizedRootGroup section */

/* Begin PBXFrameworksBuildPhase section */
		E8CC692B2D80D8AB00EF9A67 /* Frameworks */ = {
			isa = PBXFrameworksBuildPhase;
			buildActionMask = 2147483647;
			files = (
				E8CC697B2D80DD8500EF9A67 /* Repository in Frameworks */,
				E8CC69A92D80F51A00EF9A67 /* IGDB-SWIFT-API in Frameworks */,
				E8CC69792D80DD8100EF9A67 /* Domain in Frameworks */,
				E8AD01CC2D8458C8004AE866 /* Core in Frameworks */,
				E8AD01C72D844F02004AE866 /* Swinject in Frameworks */,
			);
			runOnlyForDeploymentPostprocessing = 0;
		};
		E8CC69402D80D8AC00EF9A67 /* Frameworks */ = {
			isa = PBXFrameworksBuildPhase;
			buildActionMask = 2147483647;
			files = (
			);
			runOnlyForDeploymentPostprocessing = 0;
		};
		E8CC694A2D80D8AC00EF9A67 /* Frameworks */ = {
			isa = PBXFrameworksBuildPhase;
			buildActionMask = 2147483647;
			files = (
			);
			runOnlyForDeploymentPostprocessing = 0;
		};
/* End PBXFrameworksBuildPhase section */

/* Begin PBXGroup section */
		E8CC69252D80D8AB00EF9A67 = {
			isa = PBXGroup;
			children = (
				E8CC69742D80DB2D00EF9A67 /* Modules */,
				E8CC69302D80D8AB00EF9A67 /* IGDB */,
				E8CC69462D80D8AC00EF9A67 /* IGDBTests */,
				E8CC69502D80D8AC00EF9A67 /* IGDBUITests */,
				E8CC69772D80DD8100EF9A67 /* Frameworks */,
				E8CC692F2D80D8AB00EF9A67 /* Products */,
			);
			sourceTree = "<group>";
		};
		E8CC692F2D80D8AB00EF9A67 /* Products */ = {
			isa = PBXGroup;
			children = (
				E8CC692E2D80D8AB00EF9A67 /* IGDB.app */,
				E8CC69432D80D8AC00EF9A67 /* IGDBTests.xctest */,
				E8CC694D2D80D8AC00EF9A67 /* IGDBUITests.xctest */,
			);
			name = Products;
			sourceTree = "<group>";
		};
		E8CC69742D80DB2D00EF9A67 /* Modules */ = {
			isa = PBXGroup;
			children = (
				E8AD01CA2D845465004AE866 /* Core */,
				E8CC69762D80DC0800EF9A67 /* Domain */,
				E8CC69752D80DB4400EF9A67 /* Repository */,
			);
			path = Modules;
			sourceTree = "<group>";
		};
		E8CC69772D80DD8100EF9A67 /* Frameworks */ = {
			isa = PBXGroup;
			children = (
			);
			name = Frameworks;
			sourceTree = "<group>";
		};
/* End PBXGroup section */

/* Begin PBXNativeTarget section */
		E8CC692D2D80D8AB00EF9A67 /* IGDB */ = {
			isa = PBXNativeTarget;
			buildConfigurationList = E8CC69572D80D8AC00EF9A67 /* Build configuration list for PBXNativeTarget "IGDB" */;
			buildPhases = (
				E8CC692A2D80D8AB00EF9A67 /* Sources */,
				E8CC692B2D80D8AB00EF9A67 /* Frameworks */,
				E8CC692C2D80D8AB00EF9A67 /* Resources */,
			);
			buildRules = (
			);
			dependencies = (
			);
			fileSystemSynchronizedGroups = (
				E8CC69302D80D8AB00EF9A67 /* IGDB */,
			);
			name = IGDB;
			packageProductDependencies = (
				E8CC69782D80DD8100EF9A67 /* Domain */,
				E8CC697A2D80DD8500EF9A67 /* Repository */,
				E8CC69A82D80F51A00EF9A67 /* IGDB-SWIFT-API */,
				E8AD01C62D844F02004AE866 /* Swinject */,
				E8AD01CB2D8458C8004AE866 /* Core */,
			);
			productName = IGDB;
			productReference = E8CC692E2D80D8AB00EF9A67 /* IGDB.app */;
			productType = "com.apple.product-type.application";
		};
		E8CC69422D80D8AC00EF9A67 /* IGDBTests */ = {
			isa = PBXNativeTarget;
			buildConfigurationList = E8CC695A2D80D8AC00EF9A67 /* Build configuration list for PBXNativeTarget "IGDBTests" */;
			buildPhases = (
				E8CC693F2D80D8AC00EF9A67 /* Sources */,
				E8CC69402D80D8AC00EF9A67 /* Frameworks */,
				E8CC69412D80D8AC00EF9A67 /* Resources */,
			);
			buildRules = (
			);
			dependencies = (
				E8CC69452D80D8AC00EF9A67 /* PBXTargetDependency */,
			);
			fileSystemSynchronizedGroups = (
				E8CC69462D80D8AC00EF9A67 /* IGDBTests */,
			);
			name = IGDBTests;
			packageProductDependencies = (
			);
			productName = IGDBTests;
			productReference = E8CC69432D80D8AC00EF9A67 /* IGDBTests.xctest */;
			productType = "com.apple.product-type.bundle.unit-test";
		};
		E8CC694C2D80D8AC00EF9A67 /* IGDBUITests */ = {
			isa = PBXNativeTarget;
			buildConfigurationList = E8CC695D2D80D8AC00EF9A67 /* Build configuration list for PBXNativeTarget "IGDBUITests" */;
			buildPhases = (
				E8CC69492D80D8AC00EF9A67 /* Sources */,
				E8CC694A2D80D8AC00EF9A67 /* Frameworks */,
				E8CC694B2D80D8AC00EF9A67 /* Resources */,
			);
			buildRules = (
			);
			dependencies = (
				E8CC694F2D80D8AC00EF9A67 /* PBXTargetDependency */,
			);
			fileSystemSynchronizedGroups = (
				E8CC69502D80D8AC00EF9A67 /* IGDBUITests */,
			);
			name = IGDBUITests;
			packageProductDependencies = (
			);
			productName = IGDBUITests;
			productReference = E8CC694D2D80D8AC00EF9A67 /* IGDBUITests.xctest */;
			productType = "com.apple.product-type.bundle.ui-testing";
		};
/* End PBXNativeTarget section */

/* Begin PBXProject section */
		E8CC69262D80D8AB00EF9A67 /* Project object */ = {
			isa = PBXProject;
			attributes = {
				BuildIndependentTargetsInParallel = 1;
				LastSwiftUpdateCheck = 1600;
				LastUpgradeCheck = 1600;
				TargetAttributes = {
					E8CC692D2D80D8AB00EF9A67 = {
						CreatedOnToolsVersion = 16.0;
					};
					E8CC69422D80D8AC00EF9A67 = {
						CreatedOnToolsVersion = 16.0;
						TestTargetID = E8CC692D2D80D8AB00EF9A67;
					};
					E8CC694C2D80D8AC00EF9A67 = {
						CreatedOnToolsVersion = 16.0;
						TestTargetID = E8CC692D2D80D8AB00EF9A67;
					};
				};
			};
			buildConfigurationList = E8CC69292D80D8AB00EF9A67 /* Build configuration list for PBXProject "IGDB" */;
			developmentRegion = en;
			hasScannedForEncodings = 0;
			knownRegions = (
				en,
				Base,
			);
			mainGroup = E8CC69252D80D8AB00EF9A67;
			minimizedProjectReferenceProxies = 1;
			packageReferences = (
				E8CC69A72D80F51900EF9A67 /* XCRemoteSwiftPackageReference "IGDB-SWIFT-API" */,
				E8AD01C52D844F02004AE866 /* XCRemoteSwiftPackageReference "Swinject" */,
			);
			preferredProjectObjectVersion = 77;
			productRefGroup = E8CC692F2D80D8AB00EF9A67 /* Products */;
			projectDirPath = "";
			projectRoot = "";
			targets = (
				E8CC692D2D80D8AB00EF9A67 /* IGDB */,
				E8CC69422D80D8AC00EF9A67 /* IGDBTests */,
				E8CC694C2D80D8AC00EF9A67 /* IGDBUITests */,
			);
		};
/* End PBXProject section */

/* Begin PBXResourcesBuildPhase section */
		E8CC692C2D80D8AB00EF9A67 /* Resources */ = {
			isa = PBXResourcesBuildPhase;
			buildActionMask = 2147483647;
			files = (
			);
			runOnlyForDeploymentPostprocessing = 0;
		};
		E8CC69412D80D8AC00EF9A67 /* Resources */ = {
			isa = PBXResourcesBuildPhase;
			buildActionMask = 2147483647;
			files = (
			);
			runOnlyForDeploymentPostprocessing = 0;
		};
		E8CC694B2D80D8AC00EF9A67 /* Resources */ = {
			isa = PBXResourcesBuildPhase;
			buildActionMask = 2147483647;
			files = (
			);
			runOnlyForDeploymentPostprocessing = 0;
		};
/* End PBXResourcesBuildPhase section */

/* Begin PBXSourcesBuildPhase section */
		E8CC692A2D80D8AB00EF9A67 /* Sources */ = {
			isa = PBXSourcesBuildPhase;
			buildActionMask = 2147483647;
			files = (
			);
			runOnlyForDeploymentPostprocessing = 0;
		};
		E8CC693F2D80D8AC00EF9A67 /* Sources */ = {
			isa = PBXSourcesBuildPhase;
			buildActionMask = 2147483647;
			files = (
			);
			runOnlyForDeploymentPostprocessing = 0;
		};
		E8CC69492D80D8AC00EF9A67 /* Sources */ = {
			isa = PBXSourcesBuildPhase;
			buildActionMask = 2147483647;
			files = (
			);
			runOnlyForDeploymentPostprocessing = 0;
		};
/* End PBXSourcesBuildPhase section */

/* Begin PBXTargetDependency section */
		E8CC69452D80D8AC00EF9A67 /* PBXTargetDependency */ = {
			isa = PBXTargetDependency;
			target = E8CC692D2D80D8AB00EF9A67 /* IGDB */;
			targetProxy = E8CC69442D80D8AC00EF9A67 /* PBXContainerItemProxy */;
		};
		E8CC694F2D80D8AC00EF9A67 /* PBXTargetDependency */ = {
			isa = PBXTargetDependency;
			target = E8CC692D2D80D8AB00EF9A67 /* IGDB */;
			targetProxy = E8CC694E2D80D8AC00EF9A67 /* PBXContainerItemProxy */;
		};
/* End PBXTargetDependency section */

/* Begin XCBuildConfiguration section */
		E8CC69552D80D8AC00EF9A67 /* Debug */ = {
			isa = XCBuildConfiguration;
			buildSettings = {
				ALWAYS_SEARCH_USER_PATHS = NO;
				ASSETCATALOG_COMPILER_GENERATE_SWIFT_ASSET_SYMBOL_EXTENSIONS = YES;
				CLANG_ANALYZER_NONNULL = YES;
				CLANG_ANALYZER_NUMBER_OBJECT_CONVERSION = YES_AGGRESSIVE;
				CLANG_CXX_LANGUAGE_STANDARD = "gnu++20";
				CLANG_ENABLE_MODULES = YES;
				CLANG_ENABLE_OBJC_ARC = YES;
				CLANG_ENABLE_OBJC_WEAK = YES;
				CLANG_WARN_BLOCK_CAPTURE_AUTORELEASING = YES;
				CLANG_WARN_BOOL_CONVERSION = YES;
				CLANG_WARN_COMMA = YES;
				CLANG_WARN_CONSTANT_CONVERSION = YES;
				CLANG_WARN_DEPRECATED_OBJC_IMPLEMENTATIONS = YES;
				CLANG_WARN_DIRECT_OBJC_ISA_USAGE = YES_ERROR;
				CLANG_WARN_DOCUMENTATION_COMMENTS = YES;
				CLANG_WARN_EMPTY_BODY = YES;
				CLANG_WARN_ENUM_CONVERSION = YES;
				CLANG_WARN_INFINITE_RECURSION = YES;
				CLANG_WARN_INT_CONVERSION = YES;
				CLANG_WARN_NON_LITERAL_NULL_CONVERSION = YES;
				CLANG_WARN_OBJC_IMPLICIT_RETAIN_SELF = YES;
				CLANG_WARN_OBJC_LITERAL_CONVERSION = YES;
				CLANG_WARN_OBJC_ROOT_CLASS = YES_ERROR;
				CLANG_WARN_QUOTED_INCLUDE_IN_FRAMEWORK_HEADER = YES;
				CLANG_WARN_RANGE_LOOP_ANALYSIS = YES;
				CLANG_WARN_STRICT_PROTOTYPES = YES;
				CLANG_WARN_SUSPICIOUS_MOVE = YES;
				CLANG_WARN_UNGUARDED_AVAILABILITY = YES_AGGRESSIVE;
				CLANG_WARN_UNREACHABLE_CODE = YES;
				CLANG_WARN__DUPLICATE_METHOD_MATCH = YES;
				COPY_PHASE_STRIP = NO;
				DEBUG_INFORMATION_FORMAT = dwarf;
				ENABLE_STRICT_OBJC_MSGSEND = YES;
				ENABLE_TESTABILITY = YES;
				ENABLE_USER_SCRIPT_SANDBOXING = YES;
				GCC_C_LANGUAGE_STANDARD = gnu17;
				GCC_DYNAMIC_NO_PIC = NO;
				GCC_NO_COMMON_BLOCKS = YES;
				GCC_OPTIMIZATION_LEVEL = 0;
				GCC_PREPROCESSOR_DEFINITIONS = (
					"DEBUG=1",
					"$(inherited)",
				);
				GCC_WARN_64_TO_32_BIT_CONVERSION = YES;
				GCC_WARN_ABOUT_RETURN_TYPE = YES_ERROR;
				GCC_WARN_UNDECLARED_SELECTOR = YES;
				GCC_WARN_UNINITIALIZED_AUTOS = YES_AGGRESSIVE;
				GCC_WARN_UNUSED_FUNCTION = YES;
				GCC_WARN_UNUSED_VARIABLE = YES;
				IPHONEOS_DEPLOYMENT_TARGET = 18.0;
				LOCALIZATION_PREFERS_STRING_CATALOGS = YES;
				MTL_ENABLE_DEBUG_INFO = INCLUDE_SOURCE;
				MTL_FAST_MATH = YES;
				ONLY_ACTIVE_ARCH = YES;
				SDKROOT = iphoneos;
				SWIFT_ACTIVE_COMPILATION_CONDITIONS = "DEBUG $(inherited)";
				SWIFT_EMIT_LOC_STRINGS = YES;
				SWIFT_OPTIMIZATION_LEVEL = "-Onone";
			};
			name = Debug;
		};
		E8CC69562D80D8AC00EF9A67 /* Release */ = {
			isa = XCBuildConfiguration;
			buildSettings = {
				ALWAYS_SEARCH_USER_PATHS = NO;
				ASSETCATALOG_COMPILER_GENERATE_SWIFT_ASSET_SYMBOL_EXTENSIONS = YES;
				CLANG_ANALYZER_NONNULL = YES;
				CLANG_ANALYZER_NUMBER_OBJECT_CONVERSION = YES_AGGRESSIVE;
				CLANG_CXX_LANGUAGE_STANDARD = "gnu++20";
				CLANG_ENABLE_MODULES = YES;
				CLANG_ENABLE_OBJC_ARC = YES;
				CLANG_ENABLE_OBJC_WEAK = YES;
				CLANG_WARN_BLOCK_CAPTURE_AUTORELEASING = YES;
				CLANG_WARN_BOOL_CONVERSION = YES;
				CLANG_WARN_COMMA = YES;
				CLANG_WARN_CONSTANT_CONVERSION = YES;
				CLANG_WARN_DEPRECATED_OBJC_IMPLEMENTATIONS = YES;
				CLANG_WARN_DIRECT_OBJC_ISA_USAGE = YES_ERROR;
				CLANG_WARN_DOCUMENTATION_COMMENTS = YES;
				CLANG_WARN_EMPTY_BODY = YES;
				CLANG_WARN_ENUM_CONVERSION = YES;
				CLANG_WARN_INFINITE_RECURSION = YES;
				CLANG_WARN_INT_CONVERSION = YES;
				CLANG_WARN_NON_LITERAL_NULL_CONVERSION = YES;
				CLANG_WARN_OBJC_IMPLICIT_RETAIN_SELF = YES;
				CLANG_WARN_OBJC_LITERAL_CONVERSION = YES;
				CLANG_WARN_OBJC_ROOT_CLASS = YES_ERROR;
				CLANG_WARN_QUOTED_INCLUDE_IN_FRAMEWORK_HEADER = YES;
				CLANG_WARN_RANGE_LOOP_ANALYSIS = YES;
				CLANG_WARN_STRICT_PROTOTYPES = YES;
				CLANG_WARN_SUSPICIOUS_MOVE = YES;
				CLANG_WARN_UNGUARDED_AVAILABILITY = YES_AGGRESSIVE;
				CLANG_WARN_UNREACHABLE_CODE = YES;
				CLANG_WARN__DUPLICATE_METHOD_MATCH = YES;
				COPY_PHASE_STRIP = NO;
				DEBUG_INFORMATION_FORMAT = "dwarf-with-dsym";
				ENABLE_NS_ASSERTIONS = NO;
				ENABLE_STRICT_OBJC_MSGSEND = YES;
				ENABLE_USER_SCRIPT_SANDBOXING = YES;
				GCC_C_LANGUAGE_STANDARD = gnu17;
				GCC_NO_COMMON_BLOCKS = YES;
				GCC_WARN_64_TO_32_BIT_CONVERSION = YES;
				GCC_WARN_ABOUT_RETURN_TYPE = YES_ERROR;
				GCC_WARN_UNDECLARED_SELECTOR = YES;
				GCC_WARN_UNINITIALIZED_AUTOS = YES_AGGRESSIVE;
				GCC_WARN_UNUSED_FUNCTION = YES;
				GCC_WARN_UNUSED_VARIABLE = YES;
				IPHONEOS_DEPLOYMENT_TARGET = 18.0;
				LOCALIZATION_PREFERS_STRING_CATALOGS = YES;
				MTL_ENABLE_DEBUG_INFO = NO;
				MTL_FAST_MATH = YES;
				SDKROOT = iphoneos;
				SWIFT_COMPILATION_MODE = wholemodule;
				SWIFT_EMIT_LOC_STRINGS = YES;
				VALIDATE_PRODUCT = YES;
			};
			name = Release;
		};
		E8CC69582D80D8AC00EF9A67 /* Debug */ = {
			isa = XCBuildConfiguration;
			baseConfigurationReferenceAnchor = E8CC69302D80D8AB00EF9A67 /* IGDB */;
			baseConfigurationReferenceRelativePath = Config.xcconfig;
			buildSettings = {
				ASSETCATALOG_COMPILER_APPICON_NAME = AppIcon;
				ASSETCATALOG_COMPILER_GLOBAL_ACCENT_COLOR_NAME = AccentColor;
				CODE_SIGN_STYLE = Automatic;
				CURRENT_PROJECT_VERSION = 1;
				DEVELOPMENT_ASSET_PATHS = "\"IGDB/Preview Content\"";
				DEVELOPMENT_TEAM = U845R9GB57;
				ENABLE_PREVIEWS = YES;
				GENERATE_INFOPLIST_FILE = YES;
				INFOPLIST_FILE = IGDB/Info.plist;
				INFOPLIST_KEY_UIApplicationSceneManifest_Generation = YES;
				INFOPLIST_KEY_UIApplicationSupportsIndirectInputEvents = YES;
				INFOPLIST_KEY_UILaunchScreen_Generation = YES;
				INFOPLIST_KEY_UISupportedInterfaceOrientations_iPad = "UIInterfaceOrientationPortrait UIInterfaceOrientationPortraitUpsideDown UIInterfaceOrientationLandscapeLeft UIInterfaceOrientationLandscapeRight";
				INFOPLIST_KEY_UISupportedInterfaceOrientations_iPhone = "UIInterfaceOrientationPortrait UIInterfaceOrientationLandscapeLeft UIInterfaceOrientationLandscapeRight";
				LD_RUNPATH_SEARCH_PATHS = (
					"$(inherited)",
					"@executable_path/Frameworks",
				);
				MARKETING_VERSION = 1.0;
				PRODUCT_BUNDLE_IDENTIFIER = dev.forge.pro.IGDB;
				PRODUCT_NAME = "$(TARGET_NAME)";
				SWIFT_EMIT_LOC_STRINGS = YES;
				SWIFT_VERSION = 5.0;
				TARGETED_DEVICE_FAMILY = "1,2";
			};
			name = Debug;
		};
		E8CC69592D80D8AC00EF9A67 /* Release */ = {
			isa = XCBuildConfiguration;
			baseConfigurationReferenceAnchor = E8CC69302D80D8AB00EF9A67 /* IGDB */;
			baseConfigurationReferenceRelativePath = Config.xcconfig;
			buildSettings = {
				ASSETCATALOG_COMPILER_APPICON_NAME = AppIcon;
				ASSETCATALOG_COMPILER_GLOBAL_ACCENT_COLOR_NAME = AccentColor;
				CODE_SIGN_STYLE = Automatic;
				CURRENT_PROJECT_VERSION = 1;
				DEVELOPMENT_ASSET_PATHS = "\"IGDB/Preview Content\"";
				DEVELOPMENT_TEAM = U845R9GB57;
				ENABLE_PREVIEWS = YES;
				GENERATE_INFOPLIST_FILE = YES;
				INFOPLIST_FILE = IGDB/Info.plist;
				INFOPLIST_KEY_UIApplicationSceneManifest_Generation = YES;
				INFOPLIST_KEY_UIApplicationSupportsIndirectInputEvents = YES;
				INFOPLIST_KEY_UILaunchScreen_Generation = YES;
				INFOPLIST_KEY_UISupportedInterfaceOrientations_iPad = "UIInterfaceOrientationPortrait UIInterfaceOrientationPortraitUpsideDown UIInterfaceOrientationLandscapeLeft UIInterfaceOrientationLandscapeRight";
				INFOPLIST_KEY_UISupportedInterfaceOrientations_iPhone = "UIInterfaceOrientationPortrait UIInterfaceOrientationLandscapeLeft UIInterfaceOrientationLandscapeRight";
				LD_RUNPATH_SEARCH_PATHS = (
					"$(inherited)",
					"@executable_path/Frameworks",
				);
				MARKETING_VERSION = 1.0;
				PRODUCT_BUNDLE_IDENTIFIER = dev.forge.pro.IGDB;
				PRODUCT_NAME = "$(TARGET_NAME)";
				SWIFT_EMIT_LOC_STRINGS = YES;
				SWIFT_VERSION = 5.0;
				TARGETED_DEVICE_FAMILY = "1,2";
			};
			name = Release;
		};
		E8CC695B2D80D8AC00EF9A67 /* Debug */ = {
			isa = XCBuildConfiguration;
			buildSettings = {
				BUNDLE_LOADER = "$(TEST_HOST)";
				CODE_SIGN_STYLE = Automatic;
				CURRENT_PROJECT_VERSION = 1;
				DEVELOPMENT_TEAM = U845R9GB57;
				GENERATE_INFOPLIST_FILE = YES;
				IPHONEOS_DEPLOYMENT_TARGET = 18.0;
				MARKETING_VERSION = 1.0;
				PRODUCT_BUNDLE_IDENTIFIER = dev.forge.pro.IGDBTests;
				PRODUCT_NAME = "$(TARGET_NAME)";
				SWIFT_EMIT_LOC_STRINGS = NO;
				SWIFT_VERSION = 5.0;
				TARGETED_DEVICE_FAMILY = "1,2";
				TEST_HOST = "$(BUILT_PRODUCTS_DIR)/IGDB.app/$(BUNDLE_EXECUTABLE_FOLDER_PATH)/IGDB";
			};
			name = Debug;
		};
		E8CC695C2D80D8AC00EF9A67 /* Release */ = {
			isa = XCBuildConfiguration;
			buildSettings = {
				BUNDLE_LOADER = "$(TEST_HOST)";
				CODE_SIGN_STYLE = Automatic;
				CURRENT_PROJECT_VERSION = 1;
				DEVELOPMENT_TEAM = U845R9GB57;
				GENERATE_INFOPLIST_FILE = YES;
				IPHONEOS_DEPLOYMENT_TARGET = 18.0;
				MARKETING_VERSION = 1.0;
				PRODUCT_BUNDLE_IDENTIFIER = dev.forge.pro.IGDBTests;
				PRODUCT_NAME = "$(TARGET_NAME)";
				SWIFT_EMIT_LOC_STRINGS = NO;
				SWIFT_VERSION = 5.0;
				TARGETED_DEVICE_FAMILY = "1,2";
				TEST_HOST = "$(BUILT_PRODUCTS_DIR)/IGDB.app/$(BUNDLE_EXECUTABLE_FOLDER_PATH)/IGDB";
			};
			name = Release;
		};
		E8CC695E2D80D8AC00EF9A67 /* Debug */ = {
			isa = XCBuildConfiguration;
			buildSettings = {
				CODE_SIGN_STYLE = Automatic;
				CURRENT_PROJECT_VERSION = 1;
				DEVELOPMENT_TEAM = U845R9GB57;
				GENERATE_INFOPLIST_FILE = YES;
				MARKETING_VERSION = 1.0;
				PRODUCT_BUNDLE_IDENTIFIER = dev.forge.pro.IGDBUITests;
				PRODUCT_NAME = "$(TARGET_NAME)";
				SWIFT_EMIT_LOC_STRINGS = NO;
				SWIFT_VERSION = 5.0;
				TARGETED_DEVICE_FAMILY = "1,2";
				TEST_TARGET_NAME = IGDB;
			};
			name = Debug;
		};
		E8CC695F2D80D8AC00EF9A67 /* Release */ = {
			isa = XCBuildConfiguration;
			buildSettings = {
				CODE_SIGN_STYLE = Automatic;
				CURRENT_PROJECT_VERSION = 1;
				DEVELOPMENT_TEAM = U845R9GB57;
				GENERATE_INFOPLIST_FILE = YES;
				MARKETING_VERSION = 1.0;
				PRODUCT_BUNDLE_IDENTIFIER = dev.forge.pro.IGDBUITests;
				PRODUCT_NAME = "$(TARGET_NAME)";
				SWIFT_EMIT_LOC_STRINGS = NO;
				SWIFT_VERSION = 5.0;
				TARGETED_DEVICE_FAMILY = "1,2";
				TEST_TARGET_NAME = IGDB;
			};
			name = Release;
		};
/* End XCBuildConfiguration section */

/* Begin XCConfigurationList section */
		E8CC69292D80D8AB00EF9A67 /* Build configuration list for PBXProject "IGDB" */ = {
			isa = XCConfigurationList;
			buildConfigurations = (
				E8CC69552D80D8AC00EF9A67 /* Debug */,
				E8CC69562D80D8AC00EF9A67 /* Release */,
			);
			defaultConfigurationIsVisible = 0;
			defaultConfigurationName = Release;
		};
		E8CC69572D80D8AC00EF9A67 /* Build configuration list for PBXNativeTarget "IGDB" */ = {
			isa = XCConfigurationList;
			buildConfigurations = (
				E8CC69582D80D8AC00EF9A67 /* Debug */,
				E8CC69592D80D8AC00EF9A67 /* Release */,
			);
			defaultConfigurationIsVisible = 0;
			defaultConfigurationName = Release;
		};
		E8CC695A2D80D8AC00EF9A67 /* Build configuration list for PBXNativeTarget "IGDBTests" */ = {
			isa = XCConfigurationList;
			buildConfigurations = (
				E8CC695B2D80D8AC00EF9A67 /* Debug */,
				E8CC695C2D80D8AC00EF9A67 /* Release */,
			);
			defaultConfigurationIsVisible = 0;
			defaultConfigurationName = Release;
		};
		E8CC695D2D80D8AC00EF9A67 /* Build configuration list for PBXNativeTarget "IGDBUITests" */ = {
			isa = XCConfigurationList;
			buildConfigurations = (
				E8CC695E2D80D8AC00EF9A67 /* Debug */,
				E8CC695F2D80D8AC00EF9A67 /* Release */,
			);
			defaultConfigurationIsVisible = 0;
			defaultConfigurationName = Release;
		};
/* End XCConfigurationList section */

/* Begin XCRemoteSwiftPackageReference section */
		E8AD01C52D844F02004AE866 /* XCRemoteSwiftPackageReference "Swinject" */ = {
			isa = XCRemoteSwiftPackageReference;
			repositoryURL = "https://github.com/Swinject/Swinject.git";
			requirement = {
				kind = upToNextMajorVersion;
				minimumVersion = 2.9.1;
			};
		};
		E8CC69A72D80F51900EF9A67 /* XCRemoteSwiftPackageReference "IGDB-SWIFT-API" */ = {
			isa = XCRemoteSwiftPackageReference;
			repositoryURL = "https://github.com/husnjak/IGDB-SWIFT-API.git";
			requirement = {
				kind = upToNextMajorVersion;
				minimumVersion = 0.4.5;
			};
		};
/* End XCRemoteSwiftPackageReference section */

/* Begin XCSwiftPackageProductDependency section */
		E8AD01C62D844F02004AE866 /* Swinject */ = {
			isa = XCSwiftPackageProductDependency;
			package = E8AD01C52D844F02004AE866 /* XCRemoteSwiftPackageReference "Swinject" */;
			productName = Swinject;
		};
		E8AD01CB2D8458C8004AE866 /* Core */ = {
			isa = XCSwiftPackageProductDependency;
			productName = Core;
		};
		E8CC69782D80DD8100EF9A67 /* Domain */ = {
			isa = XCSwiftPackageProductDependency;
			productName = Domain;
		};
		E8CC697A2D80DD8500EF9A67 /* Repository */ = {
			isa = XCSwiftPackageProductDependency;
			productName = Repository;
		};
		E8CC69A82D80F51A00EF9A67 /* IGDB-SWIFT-API */ = {
			isa = XCSwiftPackageProductDependency;
			package = E8CC69A72D80F51900EF9A67 /* XCRemoteSwiftPackageReference "IGDB-SWIFT-API" */;
			productName = "IGDB-SWIFT-API";
		};
/* End XCSwiftPackageProductDependency section */
	};
	rootObject = E8CC69262D80D8AB00EF9A67 /* Project object */;
}
