{
  "originHash" : "5d1adac958c3cb5cc093fb9a81269f9fa68859c05057d76844f65bf35eb36855",
  "pins" : [
    {
      "identity" : "igdb-swift-api",
      "kind" : "remoteSourceControl",
      "location" : "https://github.com/husnjak/IGDB-SWIFT-API.git",
      "state" : {
        "revision" : "10e284bd927405dbcf9cb14484b151db70b075b5",
        "version" : "0.4.5"
      }
    },
    {
      "identity" : "just",
      "kind" : "remoteSourceControl",
      "location" : "https://github.com/dduan/Just.git",
      "state" : {
        "revision" : "1824bf84cf52d11d69ae20cfb89f0ce5bffa5650",
        "version" : "0.8.0"
      }
    },
    {
      "identity" : "swift-protobuf",
      "kind" : "remoteSourceControl",
      "location" : "https://github.com/apple/swift-protobuf.git",
      "state" : {
        "revision" : "d72aed98f8253ec1aa9ea1141e28150f408cf17f",
        "version" : "1.29.0"
      }
    },
    {
      "identity" : "swinject",
      "kind" : "remoteSourceControl",
      "location" : "https://github.com/Swinject/Swinject.git",
      "state" : {
        "revision" : "be9dbcc7b86811bc131539a20c6f9c2d3e56919f",
        "version" : "2.9.1"
      }
    }
  ],
  "version" : 3
}
